
Microsoft Visual Studio Solution File, Format Version 12.00
# Visual Studio 14
VisualStudioVersion = 14.0.23107.0
MinimumVisualStudioVersion = 10.0.40219.1
Project("{8BC9CEB8-8B4A-11D0-8D11-00A0C91BC942}") = "GLMBYM", "GLMBYM\GLMBYM.vcxproj", "{25A2C5D0-7C2F-45BF-97D1-D1FE312E655B}"
EndProject
Global
	GlobalSection(SolutionConfigurationPlatforms) = preSolution
		Debug|x86 = Debug|x86
		Release|x86 = Release|x86
	EndGlobalSection
	GlobalSection(ProjectConfigurationPlatforms) = postSolution
		{25A2C5D0-7C2F-45BF-97D1-D1FE312E655B}.Debug|x86.ActiveCfg = Debug|Win32
		{25A2C5D0-7C2F-45BF-97D1-D1FE312E655B}.Debug|x86.Build.0 = Debug|Win32
		{25A2C5D0-7C2F-45BF-97D1-D1FE312E655B}.Release|x86.ActiveCfg = Release|Win32
		{25A2C5D0-7C2F-45BF-97D1-D1FE312E655B}.Release|x86.Build.0 = Release|Win32
	EndGlobalSection
	GlobalSection(SolutionProperties) = preSolution
		HideSolutionNode = FALSE
	EndGlobalSection
EndGlobal
